
Microsoft Visual Studio Solution File, Format Version 12.00
Project("{FAE04EC0-301F-11D3-BF4B-00C04F79EFBC}") = "SkLearnForNet", "SkLearnForNet\SkLearnForNet.csproj", "{1F6416F1-8436-41EB-915B-134F293FA87F}"
EndProject
Project("{FAE04EC0-301F-11D3-BF4B-00C04F79EFBC}") = "SkLearnForNet.Test", "SkLearnForNet.Test\SkLearnForNet.Test.csproj", "{9E430A08-8DCD-4D00-8216-BFE61656DA4D}"
EndProject
Global
	GlobalSection(SolutionConfigurationPlatforms) = preSolution
		Debug|Any CPU = Debug|Any CPU
		Release|Any CPU = Release|Any CPU
	EndGlobalSection
	GlobalSection(ProjectConfigurationPlatforms) = postSolution
		{1F6416F1-8436-41EB-915B-134F293FA87F}.Debug|Any CPU.ActiveCfg = Debug|Any CPU
		{1F6416F1-8436-41EB-915B-134F293FA87F}.Debug|Any CPU.Build.0 = Debug|Any CPU
		{1F6416F1-8436-41EB-915B-134F293FA87F}.Release|Any CPU.ActiveCfg = Release|Any CPU
		{1F6416F1-8436-41EB-915B-134F293FA87F}.Release|Any CPU.Build.0 = Release|Any CPU
		{9E430A08-8DCD-4D00-8216-BFE61656DA4D}.Debug|Any CPU.ActiveCfg = Debug|Any CPU
		{9E430A08-8DCD-4D00-8216-BFE61656DA4D}.Debug|Any CPU.Build.0 = Debug|Any CPU
		{9E430A08-8DCD-4D00-8216-BFE61656DA4D}.Release|Any CPU.ActiveCfg = Release|Any CPU
		{9E430A08-8DCD-4D00-8216-BFE61656DA4D}.Release|Any CPU.Build.0 = Release|Any CPU
	EndGlobalSection
EndGlobal
